// !$*UTF8*$!
{
	archiveVersion = 1;
	classes = {
	};
	objectVersion = 52;
	objects = {

/* Begin PBXBuildFile section */
		F209E6FA25EA99BA00CDF09C /* CircularView.swift in Sources */ = {isa = PBXBuildFile; fileRef = F209E6F925EA99BA00CDF09C /* CircularView.swift */; };
		F22EFCEB25E78852008B23D6 /* Digital_InsuranceApp.swift in Sources */ = {isa = PBXBuildFile; fileRef = F22EFCEA25E78852008B23D6 /* Digital_InsuranceApp.swift */; };
		F22EFCED25E78852008B23D6 /* SignInView.swift in Sources */ = {isa = PBXBuildFile; fileRef = F22EFCEC25E78852008B23D6 /* SignInView.swift */; };
		F22EFCEF25E78853008B23D6 /* Assets.xcassets in Resources */ = {isa = PBXBuildFile; fileRef = F22EFCEE25E78853008B23D6 /* Assets.xcassets */; };
		F22EFCF225E78853008B23D6 /* Preview Assets.xcassets in Resources */ = {isa = PBXBuildFile; fileRef = F22EFCF125E78853008B23D6 /* Preview Assets.xcassets */; };
		F23C624625E7CDF40069006F /* ButtonWithImageView.swift in Sources */ = {isa = PBXBuildFile; fileRef = F23C624525E7CDF40069006F /* ButtonWithImageView.swift */; };
		F23C624925E7D4710069006F /* OTPView.swift in Sources */ = {isa = PBXBuildFile; fileRef = F23C624825E7D4710069006F /* OTPView.swift */; };
		F296B84725E9148A00AF0BCF /* PriceView.swift in Sources */ = {isa = PBXBuildFile; fileRef = F296B84625E9148A00AF0BCF /* PriceView.swift */; };
		F296B84A25E9153800AF0BCF /* SelectionView.swift in Sources */ = {isa = PBXBuildFile; fileRef = F296B84925E9153800AF0BCF /* SelectionView.swift */; };
		F296B84F25E917DD00AF0BCF /* Options.swift in Sources */ = {isa = PBXBuildFile; fileRef = F296B84E25E917DD00AF0BCF /* Options.swift */; };
		F296B85325E9183900AF0BCF /* OptionData.swift in Sources */ = {isa = PBXBuildFile; fileRef = F296B85225E9183900AF0BCF /* OptionData.swift */; };
		F2C508A325E8CF12002D1338 /* Launch Screen.storyboard in Resources */ = {isa = PBXBuildFile; fileRef = F2C508A225E8CF12002D1338 /* Launch Screen.storyboard */; };
		F2C508A725E8DD76002D1338 /* DashboardView.swift in Sources */ = {isa = PBXBuildFile; fileRef = F2C508A625E8DD76002D1338 /* DashboardView.swift */; };
		F2FBB67525EE3B9000370A94 /* StarView.swift in Sources */ = {isa = PBXBuildFile; fileRef = F2FBB67425EE3B9000370A94 /* StarView.swift */; };
		F2FBB67B25EE45B200370A94 /* IQKeyboardManagerSwift in Frameworks */ = {isa = PBXBuildFile; productRef = F2FBB67A25EE45B200370A94 /* IQKeyboardManagerSwift */; };
		F2FBB67E25EE4A1F00370A94 /* DetailView.swift in Sources */ = {isa = PBXBuildFile; fileRef = F2FBB67D25EE4A1F00370A94 /* DetailView.swift */; };
		F2FBB68125EE552F00370A94 /* InsetMap.swift in Sources */ = {isa = PBXBuildFile; fileRef = F2FBB68025EE552F00370A94 /* InsetMap.swift */; };
/* End PBXBuildFile section */

/* Begin PBXFileReference section */
		F209E6F925EA99BA00CDF09C /* CircularView.swift */ = {isa = PBXFileReference; lastKnownFileType = sourcecode.swift; path = CircularView.swift; sourceTree = "<group>"; };
		F22EFCE725E78852008B23D6 /* Digital Insurance.app */ = {isa = PBXFileReference; explicitFileType = wrapper.application; includeInIndex = 0; path = "Digital Insurance.app"; sourceTree = BUILT_PRODUCTS_DIR; };
		F22EFCEA25E78852008B23D6 /* Digital_InsuranceApp.swift */ = {isa = PBXFileReference; lastKnownFileType = sourcecode.swift; path = Digital_InsuranceApp.swift; sourceTree = "<group>"; };
		F22EFCEC25E78852008B23D6 /* SignInView.swift */ = {isa = PBXFileReference; lastKnownFileType = sourcecode.swift; path = SignInView.swift; sourceTree = "<group>"; };
		F22EFCEE25E78853008B23D6 /* Assets.xcassets */ = {isa = PBXFileReference; lastKnownFileType = folder.assetcatalog; path = Assets.xcassets; sourceTree = "<group>"; };
		F22EFCF125E78853008B23D6 /* Preview Assets.xcassets */ = {isa = PBXFileReference; lastKnownFileType = folder.assetcatalog; path = "Preview Assets.xcassets"; sourceTree = "<group>"; };
		F22EFCF325E78853008B23D6 /* Info.plist */ = {isa = PBXFileReference; lastKnownFileType = text.plist.xml; path = Info.plist; sourceTree = "<group>"; };
		F23C624525E7CDF40069006F /* ButtonWithImageView.swift */ = {isa = PBXFileReference; fileEncoding = 4; lastKnownFileType = sourcecode.swift; path = ButtonWithImageView.swift; sourceTree = "<group>"; };
		F23C624825E7D4710069006F /* OTPView.swift */ = {isa = PBXFileReference; lastKnownFileType = sourcecode.swift; path = OTPView.swift; sourceTree = "<group>"; };
		F296B84625E9148A00AF0BCF /* PriceView.swift */ = {isa = PBXFileReference; lastKnownFileType = sourcecode.swift; path = PriceView.swift; sourceTree = "<group>"; };
		F296B84925E9153800AF0BCF /* SelectionView.swift */ = {isa = PBXFileReference; fileEncoding = 4; lastKnownFileType = sourcecode.swift; path = SelectionView.swift; sourceTree = "<group>"; };
		F296B84E25E917DD00AF0BCF /* Options.swift */ = {isa = PBXFileReference; fileEncoding = 4; lastKnownFileType = sourcecode.swift; path = Options.swift; sourceTree = "<group>"; };
		F296B85225E9183900AF0BCF /* OptionData.swift */ = {isa = PBXFileReference; fileEncoding = 4; lastKnownFileType = sourcecode.swift; path = OptionData.swift; sourceTree = "<group>"; };
		F2C508A225E8CF12002D1338 /* Launch Screen.storyboard */ = {isa = PBXFileReference; lastKnownFileType = file.storyboard; path = "Launch Screen.storyboard"; sourceTree = "<group>"; };
		F2C508A625E8DD76002D1338 /* DashboardView.swift */ = {isa = PBXFileReference; lastKnownFileType = sourcecode.swift; path = DashboardView.swift; sourceTree = "<group>"; };
		F2FBB67425EE3B9000370A94 /* StarView.swift */ = {isa = PBXFileReference; lastKnownFileType = sourcecode.swift; path = StarView.swift; sourceTree = "<group>"; };
		F2FBB67D25EE4A1F00370A94 /* DetailView.swift */ = {isa = PBXFileReference; lastKnownFileType = sourcecode.swift; path = DetailView.swift; sourceTree = "<group>"; };
		F2FBB68025EE552F00370A94 /* InsetMap.swift */ = {isa = PBXFileReference; fileEncoding = 4; lastKnownFileType = sourcecode.swift; path = InsetMap.swift; sourceTree = "<group>"; };
/* End PBXFileReference section */

/* Begin PBXFrameworksBuildPhase section */
		F22EFCE425E78852008B23D6 /* Frameworks */ = {
			isa = PBXFrameworksBuildPhase;
			buildActionMask = 2147483647;
			files = (
				F2FBB67B25EE45B200370A94 /* IQKeyboardManagerSwift in Frameworks */,
			);
			runOnlyForDeploymentPostprocessing = 0;
		};
/* End PBXFrameworksBuildPhase section */

/* Begin PBXGroup section */
		F22EFCDE25E78852008B23D6 = {
			isa = PBXGroup;
			children = (
				F22EFCE925E78852008B23D6 /* Digital Insurance */,
				F22EFCE825E78852008B23D6 /* Products */,
			);
			sourceTree = "<group>";
		};
		F22EFCE825E78852008B23D6 /* Products */ = {
			isa = PBXGroup;
			children = (
				F22EFCE725E78852008B23D6 /* Digital Insurance.app */,
			);
			name = Products;
			sourceTree = "<group>";
		};
		F22EFCE925E78852008B23D6 /* Digital Insurance */ = {
			isa = PBXGroup;
			children = (
				F296B85225E9183900AF0BCF /* OptionData.swift */,
				F296B84D25E9169D00AF0BCF /* Model */,
				F26BB13425E7890000866AE5 /* View */,
				F26BB13325E788F600866AE5 /* App */,
				F22EFCEE25E78853008B23D6 /* Assets.xcassets */,
				F22EFCF325E78853008B23D6 /* Info.plist */,
				F22EFCF025E78853008B23D6 /* Preview Content */,
				F2C508A225E8CF12002D1338 /* Launch Screen.storyboard */,
			);
			path = "Digital Insurance";
			sourceTree = "<group>";
		};
		F22EFCF025E78853008B23D6 /* Preview Content */ = {
			isa = PBXGroup;
			children = (
				F22EFCF125E78853008B23D6 /* Preview Assets.xcassets */,
			);
			path = "Preview Content";
			sourceTree = "<group>";
		};
		F26BB13325E788F600866AE5 /* App */ = {
			isa = PBXGroup;
			children = (
				F22EFCEA25E78852008B23D6 /* Digital_InsuranceApp.swift */,
				F22EFCEC25E78852008B23D6 /* SignInView.swift */,
				F23C624825E7D4710069006F /* OTPView.swift */,
				F209E6F925EA99BA00CDF09C /* CircularView.swift */,
				F2FBB67425EE3B9000370A94 /* StarView.swift */,
				F2FBB67D25EE4A1F00370A94 /* DetailView.swift */,
				F2C508A625E8DD76002D1338 /* DashboardView.swift */,
				F296B84625E9148A00AF0BCF /* PriceView.swift */,
				F296B84925E9153800AF0BCF /* SelectionView.swift */,
				F2FBB68025EE552F00370A94 /* InsetMap.swift */,
			);
			path = App;
			sourceTree = "<group>";
		};
		F26BB13425E7890000866AE5 /* View */ = {
			isa = PBXGroup;
			children = (
				F23C624525E7CDF40069006F /* ButtonWithImageView.swift */,
			);
			path = View;
			sourceTree = "<group>";
		};
		F296B84D25E9169D00AF0BCF /* Model */ = {
			isa = PBXGroup;
			children = (
				F296B84E25E917DD00AF0BCF /* Options.swift */,
			);
			path = Model;
			sourceTree = "<group>";
		};
/* End PBXGroup section */

/* Begin PBXNativeTarget section */
		F22EFCE625E78852008B23D6 /* Digital Insurance */ = {
			isa = PBXNativeTarget;
			buildConfigurationList = F22EFCF625E78853008B23D6 /* Build configuration list for PBXNativeTarget "Digital Insurance" */;
			buildPhases = (
				F22EFCE325E78852008B23D6 /* Sources */,
				F22EFCE425E78852008B23D6 /* Frameworks */,
				F22EFCE525E78852008B23D6 /* Resources */,
			);
			buildRules = (
			);
			dependencies = (
			);
			name = "Digital Insurance";
			packageProductDependencies = (
				F2FBB67A25EE45B200370A94 /* IQKeyboardManagerSwift */,
			);
			productName = "Digital Insurance";
			productReference = F22EFCE725E78852008B23D6 /* Digital Insurance.app */;
			productType = "com.apple.product-type.application";
		};
/* End PBXNativeTarget section */

/* Begin PBXProject section */
		F22EFCDF25E78852008B23D6 /* Project object */ = {
			isa = PBXProject;
			attributes = {
				LastSwiftUpdateCheck = 1240;
				LastUpgradeCheck = 1240;
				TargetAttributes = {
					F22EFCE625E78852008B23D6 = {
						CreatedOnToolsVersion = 12.4;
					};
				};
			};
			buildConfigurationList = F22EFCE225E78852008B23D6 /* Build configuration list for PBXProject "Digital Insurance" */;
			compatibilityVersion = "Xcode 9.3";
			developmentRegion = en;
			hasScannedForEncodings = 0;
			knownRegions = (
				en,
				Base,
			);
			mainGroup = F22EFCDE25E78852008B23D6;
			packageReferences = (
				F2FBB67925EE45B200370A94 /* XCRemoteSwiftPackageReference "IQKeyboardManager" */,
			);
			productRefGroup = F22EFCE825E78852008B23D6 /* Products */;
			projectDirPath = "";
			projectRoot = "";
			targets = (
				F22EFCE625E78852008B23D6 /* Digital Insurance */,
			);
		};
/* End PBXProject section */

/* Begin PBXResourcesBuildPhase section */
		F22EFCE525E78852008B23D6 /* Resources */ = {
			isa = PBXResourcesBuildPhase;
			buildActionMask = 2147483647;
			files = (
				F2C508A325E8CF12002D1338 /* Launch Screen.storyboard in Resources */,
				F22EFCF225E78853008B23D6 /* Preview Assets.xcassets in Resources */,
				F22EFCEF25E78853008B23D6 /* Assets.xcassets in Resources */,
			);
			runOnlyForDeploymentPostprocessing = 0;
		};
/* End PBXResourcesBuildPhase section */

/* Begin PBXSourcesBuildPhase section */
		F22EFCE325E78852008B23D6 /* Sources */ = {
			isa = PBXSourcesBuildPhase;
			buildActionMask = 2147483647;
			files = (
				F296B84F25E917DD00AF0BCF /* Options.swift in Sources */,
				F2FBB68125EE552F00370A94 /* InsetMap.swift in Sources */,
				F2FBB67E25EE4A1F00370A94 /* DetailView.swift in Sources */,
				F22EFCED25E78852008B23D6 /* SignInView.swift in Sources */,
				F296B85325E9183900AF0BCF /* OptionData.swift in Sources */,
				F22EFCEB25E78852008B23D6 /* Digital_InsuranceApp.swift in Sources */,
				F296B84725E9148A00AF0BCF /* PriceView.swift in Sources */,
				F209E6FA25EA99BA00CDF09C /* CircularView.swift in Sources */,
				F2C508A725E8DD76002D1338 /* DashboardView.swift in Sources */,
				F23C624925E7D4710069006F /* OTPView.swift in Sources */,
				F2FBB67525EE3B9000370A94 /* StarView.swift in Sources */,
				F23C624625E7CDF40069006F /* ButtonWithImageView.swift in Sources */,
				F296B84A25E9153800AF0BCF /* SelectionView.swift in Sources */,
			);
			runOnlyForDeploymentPostprocessing = 0;
		};
/* End PBXSourcesBuildPhase section */

/* Begin XCBuildConfiguration section */
		F22EFCF425E78853008B23D6 /* Debug */ = {
			isa = XCBuildConfiguration;
			buildSettings = {
				ALWAYS_SEARCH_USER_PATHS = NO;
				CLANG_ANALYZER_NONNULL = YES;
				CLANG_ANALYZER_NUMBER_OBJECT_CONVERSION = YES_AGGRESSIVE;
				CLANG_CXX_LANGUAGE_STANDARD = "gnu++14";
				CLANG_CXX_LIBRARY = "libc++";
				CLANG_ENABLE_MODULES = YES;
				CLANG_ENABLE_OBJC_ARC = YES;
				CLANG_ENABLE_OBJC_WEAK = YES;
				CLANG_WARN_BLOCK_CAPTURE_AUTORELEASING = YES;
				CLANG_WARN_BOOL_CONVERSION = YES;
				CLANG_WARN_COMMA = YES;
				CLANG_WARN_CONSTANT_CONVERSION = YES;
				CLANG_WARN_DEPRECATED_OBJC_IMPLEMENTATIONS = YES;
				CLANG_WARN_DIRECT_OBJC_ISA_USAGE = YES_ERROR;
				CLANG_WARN_DOCUMENTATION_COMMENTS = YES;
				CLANG_WARN_EMPTY_BODY = YES;
				CLANG_WARN_ENUM_CONVERSION = YES;
				CLANG_WARN_INFINITE_RECURSION = YES;
				CLANG_WARN_INT_CONVERSION = YES;
				CLANG_WARN_NON_LITERAL_NULL_CONVERSION = YES;
				CLANG_WARN_OBJC_IMPLICIT_RETAIN_SELF = YES;
				CLANG_WARN_OBJC_LITERAL_CONVERSION = YES;
				CLANG_WARN_OBJC_ROOT_CLASS = YES_ERROR;
				CLANG_WARN_QUOTED_INCLUDE_IN_FRAMEWORK_HEADER = YES;
				CLANG_WARN_RANGE_LOOP_ANALYSIS = YES;
				CLANG_WARN_STRICT_PROTOTYPES = YES;
				CLANG_WARN_SUSPICIOUS_MOVE = YES;
				CLANG_WARN_UNGUARDED_AVAILABILITY = YES_AGGRESSIVE;
				CLANG_WARN_UNREACHABLE_CODE = YES;
				CLANG_WARN__DUPLICATE_METHOD_MATCH = YES;
				COPY_PHASE_STRIP = NO;
				DEBUG_INFORMATION_FORMAT = dwarf;
				ENABLE_STRICT_OBJC_MSGSEND = YES;
				ENABLE_TESTABILITY = YES;
				GCC_C_LANGUAGE_STANDARD = gnu11;
				GCC_DYNAMIC_NO_PIC = NO;
				GCC_NO_COMMON_BLOCKS = YES;
				GCC_OPTIMIZATION_LEVEL = 0;
				GCC_PREPROCESSOR_DEFINITIONS = (
					"DEBUG=1",
					"$(inherited)",
				);
				GCC_WARN_64_TO_32_BIT_CONVERSION = YES;
				GCC_WARN_ABOUT_RETURN_TYPE = YES_ERROR;
				GCC_WARN_UNDECLARED_SELECTOR = YES;
				GCC_WARN_UNINITIALIZED_AUTOS = YES_AGGRESSIVE;
				GCC_WARN_UNUSED_FUNCTION = YES;
				GCC_WARN_UNUSED_VARIABLE = YES;
				IPHONEOS_DEPLOYMENT_TARGET = 14.4;
				MTL_ENABLE_DEBUG_INFO = INCLUDE_SOURCE;
				MTL_FAST_MATH = YES;
				ONLY_ACTIVE_ARCH = YES;
				SDKROOT = iphoneos;
				SWIFT_ACTIVE_COMPILATION_CONDITIONS = DEBUG;
				SWIFT_OPTIMIZATION_LEVEL = "-Onone";
			};
			name = Debug;
		};
		F22EFCF525E78853008B23D6 /* Release */ = {
			isa = XCBuildConfiguration;
			buildSettings = {
				ALWAYS_SEARCH_USER_PATHS = NO;
				CLANG_ANALYZER_NONNULL = YES;
				CLANG_ANALYZER_NUMBER_OBJECT_CONVERSION = YES_AGGRESSIVE;
				CLANG_CXX_LANGUAGE_STANDARD = "gnu++14";
				CLANG_CXX_LIBRARY = "libc++";
				CLANG_ENABLE_MODULES = YES;
				CLANG_ENABLE_OBJC_ARC = YES;
				CLANG_ENABLE_OBJC_WEAK = YES;
				CLANG_WARN_BLOCK_CAPTURE_AUTORELEASING = YES;
				CLANG_WARN_BOOL_CONVERSION = YES;
				CLANG_WARN_COMMA = YES;
				CLANG_WARN_CONSTANT_CONVERSION = YES;
				CLANG_WARN_DEPRECATED_OBJC_IMPLEMENTATIONS = YES;
				CLANG_WARN_DIRECT_OBJC_ISA_USAGE = YES_ERROR;
				CLANG_WARN_DOCUMENTATION_COMMENTS = YES;
				CLANG_WARN_EMPTY_BODY = YES;
				CLANG_WARN_ENUM_CONVERSION = YES;
				CLANG_WARN_INFINITE_RECURSION = YES;
				CLANG_WARN_INT_CONVERSION = YES;
				CLANG_WARN_NON_LITERAL_NULL_CONVERSION = YES;
				CLANG_WARN_OBJC_IMPLICIT_RETAIN_SELF = YES;
				CLANG_WARN_OBJC_LITERAL_CONVERSION = YES;
				CLANG_WARN_OBJC_ROOT_CLASS = YES_ERROR;
				CLANG_WARN_QUOTED_INCLUDE_IN_FRAMEWORK_HEADER = YES;
				CLANG_WARN_RANGE_LOOP_ANALYSIS = YES;
				CLANG_WARN_STRICT_PROTOTYPES = YES;
				CLANG_WARN_SUSPICIOUS_MOVE = YES;
				CLANG_WARN_UNGUARDED_AVAILABILITY = YES_AGGRESSIVE;
				CLANG_WARN_UNREACHABLE_CODE = YES;
				CLANG_WARN__DUPLICATE_METHOD_MATCH = YES;
				COPY_PHASE_STRIP = NO;
				DEBUG_INFORMATION_FORMAT = "dwarf-with-dsym";
				ENABLE_NS_ASSERTIONS = NO;
				ENABLE_STRICT_OBJC_MSGSEND = YES;
				GCC_C_LANGUAGE_STANDARD = gnu11;
				GCC_NO_COMMON_BLOCKS = YES;
				GCC_WARN_64_TO_32_BIT_CONVERSION = YES;
				GCC_WARN_ABOUT_RETURN_TYPE = YES_ERROR;
				GCC_WARN_UNDECLARED_SELECTOR = YES;
				GCC_WARN_UNINITIALIZED_AUTOS = YES_AGGRESSIVE;
				GCC_WARN_UNUSED_FUNCTION = YES;
				GCC_WARN_UNUSED_VARIABLE = YES;
				IPHONEOS_DEPLOYMENT_TARGET = 14.4;
				MTL_ENABLE_DEBUG_INFO = NO;
				MTL_FAST_MATH = YES;
				SDKROOT = iphoneos;
				SWIFT_COMPILATION_MODE = wholemodule;
				SWIFT_OPTIMIZATION_LEVEL = "-O";
				VALIDATE_PRODUCT = YES;
			};
			name = Release;
		};
		F22EFCF725E78853008B23D6 /* Debug */ = {
			isa = XCBuildConfiguration;
			buildSettings = {
				ASSETCATALOG_COMPILER_APPICON_NAME = AppIcon;
				ASSETCATALOG_COMPILER_GLOBAL_ACCENT_COLOR_NAME = AccentColor;
				CODE_SIGN_STYLE = Automatic;
				DEVELOPMENT_ASSET_PATHS = "\"Digital Insurance/Preview Content\"";
				DEVELOPMENT_TEAM = 3V6GH9JAQD;
				ENABLE_PREVIEWS = YES;
				INFOPLIST_FILE = "Digital Insurance/Info.plist";
				IPHONEOS_DEPLOYMENT_TARGET = 14.0;
				LD_RUNPATH_SEARCH_PATHS = (
					"$(inherited)",
					"@executable_path/Frameworks",
				);
				PRODUCT_BUNDLE_IDENTIFIER = "com.pf.Digital-Insurance";
				PRODUCT_NAME = "$(TARGET_NAME)";
				SWIFT_VERSION = 5.0;
				TARGETED_DEVICE_FAMILY = "1,2";
			};
			name = Debug;
		};
		F22EFCF825E78853008B23D6 /* Release */ = {
			isa = XCBuildConfiguration;
			buildSettings = {
				ASSETCATALOG_COMPILER_APPICON_NAME = AppIcon;
				ASSETCATALOG_COMPILER_GLOBAL_ACCENT_COLOR_NAME = AccentColor;
				CODE_SIGN_STYLE = Automatic;
				DEVELOPMENT_ASSET_PATHS = "\"Digital Insurance/Preview Content\"";
				DEVELOPMENT_TEAM = 3V6GH9JAQD;
				ENABLE_PREVIEWS = YES;
				INFOPLIST_FILE = "Digital Insurance/Info.plist";
				IPHONEOS_DEPLOYMENT_TARGET = 14.0;
				LD_RUNPATH_SEARCH_PATHS = (
					"$(inherited)",
					"@executable_path/Frameworks",
				);
				PRODUCT_BUNDLE_IDENTIFIER = "com.pf.Digital-Insurance";
				PRODUCT_NAME = "$(TARGET_NAME)";
				SWIFT_VERSION = 5.0;
				TARGETED_DEVICE_FAMILY = "1,2";
			};
			name = Release;
		};
/* End XCBuildConfiguration section */

/* Begin XCConfigurationList section */
		F22EFCE225E78852008B23D6 /* Build configuration list for PBXProject "Digital Insurance" */ = {
			isa = XCConfigurationList;
			buildConfigurations = (
				F22EFCF425E78853008B23D6 /* Debug */,
				F22EFCF525E78853008B23D6 /* Release */,
			);
			defaultConfigurationIsVisible = 0;
			defaultConfigurationName = Release;
		};
		F22EFCF625E78853008B23D6 /* Build configuration list for PBXNativeTarget "Digital Insurance" */ = {
			isa = XCConfigurationList;
			buildConfigurations = (
				F22EFCF725E78853008B23D6 /* Debug */,
				F22EFCF825E78853008B23D6 /* Release */,
			);
			defaultConfigurationIsVisible = 0;
			defaultConfigurationName = Release;
		};
/* End XCConfigurationList section */

/* Begin XCRemoteSwiftPackageReference section */
		F2FBB67925EE45B200370A94 /* XCRemoteSwiftPackageReference "IQKeyboardManager" */ = {
			isa = XCRemoteSwiftPackageReference;
			repositoryURL = "https://github.com/hackiftekhar/IQKeyboardManager.git";
			requirement = {
				kind = upToNextMajorVersion;
				minimumVersion = 6.5.6;
			};
		};
/* End XCRemoteSwiftPackageReference section */

/* Begin XCSwiftPackageProductDependency section */
		F2FBB67A25EE45B200370A94 /* IQKeyboardManagerSwift */ = {
			isa = XCSwiftPackageProductDependency;
			package = F2FBB67925EE45B200370A94 /* XCRemoteSwiftPackageReference "IQKeyboardManager" */;
			productName = IQKeyboardManagerSwift;
		};
/* End XCSwiftPackageProductDependency section */
	};
	rootObject = F22EFCDF25E78852008B23D6 /* Project object */;
}
